
Microsoft Visual Studio Solution File, Format Version 12.00
# Visual Studio 15
VisualStudioVersion = 15.0.28307.572
MinimumVisualStudioVersion = 10.0.40219.1
Project("{FAE04EC0-301F-11D3-BF4B-00C04F79EFBC}") = "MVVM.Common", "MVVM.Common\MVVM.Common.csproj", "{3F3FA45B-00CA-4EF6-90AD-61EC37915D92}"
EndProject
Project("{FAE04EC0-301F-11D3-BF4B-00C04F79EFBC}") = "ProfilerCharts", "ProfilerCharts\ProfilerCharts.csproj", "{C383747D-D549-406D-A47D-65198979466D}"
EndProject
Project("{FAE04EC0-301F-11D3-BF4B-00C04F79EFBC}") = "UITestApp", "UITestApp\UITestApp.csproj", "{0E1627A7-D9B9-4E40-9E2E-6283539D1665}"
EndProject
Project("{FAE04EC0-301F-11D3-BF4B-00C04F79EFBC}") = "WpfComponents", "WpfComponents\WpfComponents.csproj", "{D57AAC83-1D08-4547-BC13-A6562958BC4B}"
EndProject
Global
	GlobalSection(SolutionConfigurationPlatforms) = preSolution
		Debug|Any CPU = Debug|Any CPU
		Release|Any CPU = Release|Any CPU
	EndGlobalSection
	GlobalSection(ProjectConfigurationPlatforms) = postSolution
		{3F3FA45B-00CA-4EF6-90AD-61EC37915D92}.Debug|Any CPU.ActiveCfg = Debug|Any CPU
		{3F3FA45B-00CA-4EF6-90AD-61EC37915D92}.Debug|Any CPU.Build.0 = Debug|Any CPU
		{3F3FA45B-00CA-4EF6-90AD-61EC37915D92}.Release|Any CPU.ActiveCfg = Release|Any CPU
		{3F3FA45B-00CA-4EF6-90AD-61EC37915D92}.Release|Any CPU.Build.0 = Release|Any CPU
		{C383747D-D549-406D-A47D-65198979466D}.Debug|Any CPU.ActiveCfg = Debug|Any CPU
		{C383747D-D549-406D-A47D-65198979466D}.Debug|Any CPU.Build.0 = Debug|Any CPU
		{C383747D-D549-406D-A47D-65198979466D}.Release|Any CPU.ActiveCfg = Release|Any CPU
		{C383747D-D549-406D-A47D-65198979466D}.Release|Any CPU.Build.0 = Release|Any CPU
		{0E1627A7-D9B9-4E40-9E2E-6283539D1665}.Debug|Any CPU.ActiveCfg = Debug|Any CPU
		{0E1627A7-D9B9-4E40-9E2E-6283539D1665}.Debug|Any CPU.Build.0 = Debug|Any CPU
		{0E1627A7-D9B9-4E40-9E2E-6283539D1665}.Release|Any CPU.ActiveCfg = Release|Any CPU
		{0E1627A7-D9B9-4E40-9E2E-6283539D1665}.Release|Any CPU.Build.0 = Release|Any CPU
		{D57AAC83-1D08-4547-BC13-A6562958BC4B}.Debug|Any CPU.ActiveCfg = Debug|Any CPU
		{D57AAC83-1D08-4547-BC13-A6562958BC4B}.Debug|Any CPU.Build.0 = Debug|Any CPU
		{D57AAC83-1D08-4547-BC13-A6562958BC4B}.Release|Any CPU.ActiveCfg = Release|Any CPU
		{D57AAC83-1D08-4547-BC13-A6562958BC4B}.Release|Any CPU.Build.0 = Release|Any CPU
	EndGlobalSection
	GlobalSection(SolutionProperties) = preSolution
		HideSolutionNode = FALSE
	EndGlobalSection
	GlobalSection(ExtensibilityGlobals) = postSolution
		SolutionGuid = {ACD42852-D7B3-48EE-B82F-5C40C6629231}
	EndGlobalSection
EndGlobal
